
Microsoft Visual Studio Solution File, Format Version 12.00
# Visual Studio 15
Project("{FAE04EC0-301F-11D3-BF4B-00C04F79EFBC}") = "Watch_Face_Editor_(ZeppOS)", "Watch_Face_Editor_(ZeppOS).csproj", "{EDB5EFC6-242B-44DF-A1AF-426B4F330245}"
EndProject
Global
	GlobalSection(SolutionConfigurationPlatforms) = preSolution
		Debug|Any CPU = Debug|Any CPU
		Release|Any CPU = Release|Any CPU
	EndGlobalSection
	GlobalSection(ProjectConfigurationPlatforms) = postSolution
		{EDB5EFC6-242B-44DF-A1AF-426B4F330245}.Debug|Any CPU.ActiveCfg = Debug|Any CPU
		{EDB5EFC6-242B-44DF-A1AF-426B4F330245}.Debug|Any CPU.Build.0 = Debug|Any CPU
		{EDB5EFC6-242B-44DF-A1AF-426B4F330245}.Release|Any CPU.ActiveCfg = Release|Any CPU
		{EDB5EFC6-242B-44DF-A1AF-426B4F330245}.Release|Any CPU.Build.0 = Release|Any CPU
	EndGlobalSection
EndGlobal
