
Microsoft Visual Studio Solution File, Format Version 12.00
# Visual Studio Version 16
VisualStudioVersion = 16.0.31729.503
MinimumVisualStudioVersion = 10.0.40219.1
Project("{FAE04EC0-301F-11D3-BF4B-00C04F79EFBC}") = "Watch_Face_Editor", "Watch_Face_Editor\Watch_Face_Editor.csproj", "{EDB5EFC6-242B-44DF-A1AF-426B4F330245}"
EndProject
Project("{FAE04EC0-301F-11D3-BF4B-00C04F79EFBC}") = "ControlLibrary", "ControlLibrary\ControlLibrary.csproj", "{62353A5F-D872-408A-8999-06C08A03CC66}"
EndProject
Global
	GlobalSection(SolutionConfigurationPlatforms) = preSolution
		Debug|Any CPU = Debug|Any CPU
		Release|Any CPU = Release|Any CPU
	EndGlobalSection
	GlobalSection(ProjectConfigurationPlatforms) = postSolution
		{EDB5EFC6-242B-44DF-A1AF-426B4F330245}.Debug|Any CPU.ActiveCfg = Debug|Any CPU
		{EDB5EFC6-242B-44DF-A1AF-426B4F330245}.Debug|Any CPU.Build.0 = Debug|Any CPU
		{EDB5EFC6-242B-44DF-A1AF-426B4F330245}.Release|Any CPU.ActiveCfg = Release|Any CPU
		{EDB5EFC6-242B-44DF-A1AF-426B4F330245}.Release|Any CPU.Build.0 = Release|Any CPU
		{62353A5F-D872-408A-8999-06C08A03CC66}.Debug|Any CPU.ActiveCfg = Debug|Any CPU
		{62353A5F-D872-408A-8999-06C08A03CC66}.Debug|Any CPU.Build.0 = Debug|Any CPU
		{62353A5F-D872-408A-8999-06C08A03CC66}.Release|Any CPU.ActiveCfg = Release|Any CPU
		{62353A5F-D872-408A-8999-06C08A03CC66}.Release|Any CPU.Build.0 = Release|Any CPU
	EndGlobalSection
	GlobalSection(SolutionProperties) = preSolution
		HideSolutionNode = FALSE
	EndGlobalSection
	GlobalSection(ExtensibilityGlobals) = postSolution
		SolutionGuid = {3F9AB7B5-5064-434E-88D0-FDA535BDA2AF}
	EndGlobalSection
EndGlobal
